// !$*UTF8*$!
{
	archiveVersion = 1;
	classes = {
	};
	objectVersion = 56;
	objects = {

/* Begin PBXBuildFile section */
		4A589CB82E6F090400796CD1 /* PINSetupView.swift in Sources */ = {isa = PBXBuildFile; fileRef = 4A589CB72E6F090400796CD1 /* PINSetupView.swift */; };
		4AD9C88A2E6ACF1C00DE5C80 /* VaultAppApp.swift in Sources */ = {isa = PBXBuildFile; fileRef = 4AD9C8892E6ACF1C00DE5C80 /* VaultAppApp.swift */; };
		4AD9C88C2E6ACF1C00DE5C80 /* ContentView.swift in Sources */ = {isa = PBXBuildFile; fileRef = 4AD9C88B2E6ACF1C00DE5C80 /* ContentView.swift */; };
		4AD9C88E2E6ACF1E00DE5C80 /* Assets.xcassets in Resources */ = {isa = PBXBuildFile; fileRef = 4AD9C88D2E6ACF1E00DE5C80 /* Assets.xcassets */; };
		4AD9C8912E6ACF1E00DE5C80 /* Preview Assets.xcassets in Resources */ = {isa = PBXBuildFile; fileRef = 4AD9C8902E6ACF1E00DE5C80 /* Preview Assets.xcassets */; };
		4AD9C89E2E6AD1BB00DE5C80 /* PINEntryView.swift in Sources */ = {isa = PBXBuildFile; fileRef = 4AD9C8972E6AD1BA00DE5C80 /* PINEntryView.swift */; };
		4AD9C89F2E6AD1BB00DE5C80 /* Assets.xcassets in Resources */ = {isa = PBXBuildFile; fileRef = 4AD9C8982E6AD1BA00DE5C80 /* Assets.xcassets */; };
		4AD9C8A02E6AD1BB00DE5C80 /* Preview Assets.xcassets in Resources */ = {isa = PBXBuildFile; fileRef = 4AD9C8992E6AD1BA00DE5C80 /* Preview Assets.xcassets */; };
		4AD9C8A12E6AD1BB00DE5C80 /* AuthStore.swift in Sources */ = {isa = PBXBuildFile; fileRef = 4AD9C89B2E6AD1BA00DE5C80 /* AuthStore.swift */; };
		4AD9C8A22E6AD1BB00DE5C80 /* SecretsStore.swift in Sources */ = {isa = PBXBuildFile; fileRef = 4AD9C89C2E6AD1BB00DE5C80 /* SecretsStore.swift */; };
		4AD9C8A32E6AD1BB00DE5C80 /* VaultView.swift in Sources */ = {isa = PBXBuildFile; fileRef = 4AD9C89D2E6AD1BB00DE5C80 /* VaultView.swift */; };
/* End PBXBuildFile section */

/* Begin PBXFileReference section */
		4A589CB72E6F090400796CD1 /* PINSetupView.swift */ = {isa = PBXFileReference; fileEncoding = 4; lastKnownFileType = sourcecode.swift; path = PINSetupView.swift; sourceTree = "<group>"; };
		4AD9C8862E6ACF1C00DE5C80 /* VaultApp.app */ = {isa = PBXFileReference; explicitFileType = wrapper.application; includeInIndex = 0; path = VaultApp.app; sourceTree = BUILT_PRODUCTS_DIR; };
		4AD9C8892E6ACF1C00DE5C80 /* VaultAppApp.swift */ = {isa = PBXFileReference; lastKnownFileType = sourcecode.swift; path = VaultAppApp.swift; sourceTree = "<group>"; };
		4AD9C88B2E6ACF1C00DE5C80 /* ContentView.swift */ = {isa = PBXFileReference; lastKnownFileType = sourcecode.swift; path = ContentView.swift; sourceTree = "<group>"; };
		4AD9C88D2E6ACF1E00DE5C80 /* Assets.xcassets */ = {isa = PBXFileReference; lastKnownFileType = folder.assetcatalog; path = Assets.xcassets; sourceTree = "<group>"; };
		4AD9C8902E6ACF1E00DE5C80 /* Preview Assets.xcassets */ = {isa = PBXFileReference; lastKnownFileType = folder.assetcatalog; path = "Preview Assets.xcassets"; sourceTree = "<group>"; };
		4AD9C8972E6AD1BA00DE5C80 /* PINEntryView.swift */ = {isa = PBXFileReference; fileEncoding = 4; lastKnownFileType = sourcecode.swift; path = PINEntryView.swift; sourceTree = "<group>"; };
		4AD9C8982E6AD1BA00DE5C80 /* Assets.xcassets */ = {isa = PBXFileReference; lastKnownFileType = folder.assetcatalog; path = Assets.xcassets; sourceTree = "<group>"; };
		4AD9C8992E6AD1BA00DE5C80 /* Preview Assets.xcassets */ = {isa = PBXFileReference; lastKnownFileType = folder.assetcatalog; path = "Preview Assets.xcassets"; sourceTree = "<group>"; };
		4AD9C89B2E6AD1BA00DE5C80 /* AuthStore.swift */ = {isa = PBXFileReference; fileEncoding = 4; lastKnownFileType = sourcecode.swift; path = AuthStore.swift; sourceTree = "<group>"; };
		4AD9C89C2E6AD1BB00DE5C80 /* SecretsStore.swift */ = {isa = PBXFileReference; fileEncoding = 4; lastKnownFileType = sourcecode.swift; path = SecretsStore.swift; sourceTree = "<group>"; };
		4AD9C89D2E6AD1BB00DE5C80 /* VaultView.swift */ = {isa = PBXFileReference; fileEncoding = 4; lastKnownFileType = sourcecode.swift; path = VaultView.swift; sourceTree = "<group>"; };
/* End PBXFileReference section */

/* Begin PBXFrameworksBuildPhase section */
		4AD9C8832E6ACF1C00DE5C80 /* Frameworks */ = {
			isa = PBXFrameworksBuildPhase;
			buildActionMask = 2147483647;
			files = (
			);
			runOnlyForDeploymentPostprocessing = 0;
		};
/* End PBXFrameworksBuildPhase section */

/* Begin PBXGroup section */
		4AD9C87D2E6ACF1C00DE5C80 = {
			isa = PBXGroup;
			children = (
				4AD9C8882E6ACF1C00DE5C80 /* VaultApp */,
				4AD9C8872E6ACF1C00DE5C80 /* Products */,
			);
			sourceTree = "<group>";
		};
		4AD9C8872E6ACF1C00DE5C80 /* Products */ = {
			isa = PBXGroup;
			children = (
				4AD9C8862E6ACF1C00DE5C80 /* VaultApp.app */,
			);
			name = Products;
			sourceTree = "<group>";
		};
		4AD9C8882E6ACF1C00DE5C80 /* VaultApp */ = {
			isa = PBXGroup;
			children = (
				4AD9C8892E6ACF1C00DE5C80 /* VaultAppApp.swift */,
				4AD9C88B2E6ACF1C00DE5C80 /* ContentView.swift */,
				4AD9C8982E6AD1BA00DE5C80 /* Assets.xcassets */,
				4A589CB72E6F090400796CD1 /* PINSetupView.swift */,
				4AD9C89B2E6AD1BA00DE5C80 /* AuthStore.swift */,
				4AD9C8972E6AD1BA00DE5C80 /* PINEntryView.swift */,
				4AD9C89A2E6AD1BA00DE5C80 /* Preview Content */,
				4AD9C89C2E6AD1BB00DE5C80 /* SecretsStore.swift */,
				4AD9C89D2E6AD1BB00DE5C80 /* VaultView.swift */,
				4AD9C88D2E6ACF1E00DE5C80 /* Assets.xcassets */,
				4AD9C88F2E6ACF1E00DE5C80 /* Preview Content */,
			);
			path = VaultApp;
			sourceTree = "<group>";
		};
		4AD9C88F2E6ACF1E00DE5C80 /* Preview Content */ = {
			isa = PBXGroup;
			children = (
				4AD9C8902E6ACF1E00DE5C80 /* Preview Assets.xcassets */,
			);
			path = "Preview Content";
			sourceTree = "<group>";
		};
		4AD9C89A2E6AD1BA00DE5C80 /* Preview Content */ = {
			isa = PBXGroup;
			children = (
				4AD9C8992E6AD1BA00DE5C80 /* Preview Assets.xcassets */,
			);
			path = "Preview Content";
			sourceTree = "<group>";
		};
/* End PBXGroup section */

/* Begin PBXNativeTarget section */
		4AD9C8852E6ACF1C00DE5C80 /* VaultApp */ = {
			isa = PBXNativeTarget;
			buildConfigurationList = 4AD9C8942E6ACF1E00DE5C80 /* Build configuration list for PBXNativeTarget "VaultApp" */;
			buildPhases = (
				4AD9C8822E6ACF1C00DE5C80 /* Sources */,
				4AD9C8832E6ACF1C00DE5C80 /* Frameworks */,
				4AD9C8842E6ACF1C00DE5C80 /* Resources */,
			);
			buildRules = (
			);
			dependencies = (
			);
			name = VaultApp;
			productName = VaultApp;
			productReference = 4AD9C8862E6ACF1C00DE5C80 /* VaultApp.app */;
			productType = "com.apple.product-type.application";
		};
/* End PBXNativeTarget section */

/* Begin PBXProject section */
		4AD9C87E2E6ACF1C00DE5C80 /* Project object */ = {
			isa = PBXProject;
			attributes = {
				BuildIndependentTargetsInParallel = 1;
				LastSwiftUpdateCheck = 1540;
				LastUpgradeCheck = 1540;
				TargetAttributes = {
					4AD9C8852E6ACF1C00DE5C80 = {
						CreatedOnToolsVersion = 15.4;
					};
				};
			};
			buildConfigurationList = 4AD9C8812E6ACF1C00DE5C80 /* Build configuration list for PBXProject "VaultApp" */;
			compatibilityVersion = "Xcode 14.0";
			developmentRegion = en;
			hasScannedForEncodings = 0;
			knownRegions = (
				en,
				Base,
			);
			mainGroup = 4AD9C87D2E6ACF1C00DE5C80;
			productRefGroup = 4AD9C8872E6ACF1C00DE5C80 /* Products */;
			projectDirPath = "";
			projectRoot = "";
			targets = (
				4AD9C8852E6ACF1C00DE5C80 /* VaultApp */,
			);
		};
/* End PBXProject section */

/* Begin PBXResourcesBuildPhase section */
		4AD9C8842E6ACF1C00DE5C80 /* Resources */ = {
			isa = PBXResourcesBuildPhase;
			buildActionMask = 2147483647;
			files = (
				4AD9C8A02E6AD1BB00DE5C80 /* Preview Assets.xcassets in Resources */,
				4AD9C8912E6ACF1E00DE5C80 /* Preview Assets.xcassets in Resources */,
				4AD9C89F2E6AD1BB00DE5C80 /* Assets.xcassets in Resources */,
				4AD9C88E2E6ACF1E00DE5C80 /* Assets.xcassets in Resources */,
			);
			runOnlyForDeploymentPostprocessing = 0;
		};
/* End PBXResourcesBuildPhase section */

/* Begin PBXSourcesBuildPhase section */
		4AD9C8822E6ACF1C00DE5C80 /* Sources */ = {
			isa = PBXSourcesBuildPhase;
			buildActionMask = 2147483647;
			files = (
				4AD9C88C2E6ACF1C00DE5C80 /* ContentView.swift in Sources */,
				4AD9C8A22E6AD1BB00DE5C80 /* SecretsStore.swift in Sources */,
				4A589CB82E6F090400796CD1 /* PINSetupView.swift in Sources */,
				4AD9C8A12E6AD1BB00DE5C80 /* AuthStore.swift in Sources */,
				4AD9C8A32E6AD1BB00DE5C80 /* VaultView.swift in Sources */,
				4AD9C88A2E6ACF1C00DE5C80 /* VaultAppApp.swift in Sources */,
				4AD9C89E2E6AD1BB00DE5C80 /* PINEntryView.swift in Sources */,
			);
			runOnlyForDeploymentPostprocessing = 0;
		};
/* End PBXSourcesBuildPhase section */

/* Begin XCBuildConfiguration section */
		4AD9C8922E6ACF1E00DE5C80 /* Debug */ = {
			isa = XCBuildConfiguration;
			buildSettings = {
				ALWAYS_SEARCH_USER_PATHS = NO;
				ASSETCATALOG_COMPILER_GENERATE_SWIFT_ASSET_SYMBOL_EXTENSIONS = YES;
				CLANG_ANALYZER_NONNULL = YES;
				CLANG_ANALYZER_NUMBER_OBJECT_CONVERSION = YES_AGGRESSIVE;
				CLANG_CXX_LANGUAGE_STANDARD = "gnu++20";
				CLANG_ENABLE_MODULES = YES;
				CLANG_ENABLE_OBJC_ARC = YES;
				CLANG_ENABLE_OBJC_WEAK = YES;
				CLANG_WARN_BLOCK_CAPTURE_AUTORELEASING = YES;
				CLANG_WARN_BOOL_CONVERSION = YES;
				CLANG_WARN_COMMA = YES;
				CLANG_WARN_CONSTANT_CONVERSION = YES;
				CLANG_WARN_DEPRECATED_OBJC_IMPLEMENTATIONS = YES;
				CLANG_WARN_DIRECT_OBJC_ISA_USAGE = YES_ERROR;
				CLANG_WARN_DOCUMENTATION_COMMENTS = YES;
				CLANG_WARN_EMPTY_BODY = YES;
				CLANG_WARN_ENUM_CONVERSION = YES;
				CLANG_WARN_INFINITE_RECURSION = YES;
				CLANG_WARN_INT_CONVERSION = YES;
				CLANG_WARN_NON_LITERAL_NULL_CONVERSION = YES;
				CLANG_WARN_OBJC_IMPLICIT_RETAIN_SELF = YES;
				CLANG_WARN_OBJC_LITERAL_CONVERSION = YES;
				CLANG_WARN_OBJC_ROOT_CLASS = YES_ERROR;
				CLANG_WARN_QUOTED_INCLUDE_IN_FRAMEWORK_HEADER = YES;
				CLANG_WARN_RANGE_LOOP_ANALYSIS = YES;
				CLANG_WARN_STRICT_PROTOTYPES = YES;
				CLANG_WARN_SUSPICIOUS_MOVE = YES;
				CLANG_WARN_UNGUARDED_AVAILABILITY = YES_AGGRESSIVE;
				CLANG_WARN_UNREACHABLE_CODE = YES;
				CLANG_WARN__DUPLICATE_METHOD_MATCH = YES;
				COPY_PHASE_STRIP = NO;
				DEBUG_INFORMATION_FORMAT = dwarf;
				ENABLE_STRICT_OBJC_MSGSEND = YES;
				ENABLE_TESTABILITY = YES;
				ENABLE_USER_SCRIPT_SANDBOXING = YES;
				GCC_C_LANGUAGE_STANDARD = gnu17;
				GCC_DYNAMIC_NO_PIC = NO;
				GCC_NO_COMMON_BLOCKS = YES;
				GCC_OPTIMIZATION_LEVEL = 0;
				GCC_PREPROCESSOR_DEFINITIONS = (
					"DEBUG=1",
					"$(inherited)",
				);
				GCC_WARN_64_TO_32_BIT_CONVERSION = YES;
				GCC_WARN_ABOUT_RETURN_TYPE = YES_ERROR;
				GCC_WARN_UNDECLARED_SELECTOR = YES;
				GCC_WARN_UNINITIALIZED_AUTOS = YES_AGGRESSIVE;
				GCC_WARN_UNUSED_FUNCTION = YES;
				GCC_WARN_UNUSED_VARIABLE = YES;
				IPHONEOS_DEPLOYMENT_TARGET = 17.5;
				LOCALIZATION_PREFERS_STRING_CATALOGS = YES;
				MTL_ENABLE_DEBUG_INFO = INCLUDE_SOURCE;
				MTL_FAST_MATH = YES;
				ONLY_ACTIVE_ARCH = YES;
				SDKROOT = iphoneos;
				SWIFT_ACTIVE_COMPILATION_CONDITIONS = "DEBUG $(inherited)";
				SWIFT_OPTIMIZATION_LEVEL = "-Onone";
			};
			name = Debug;
		};
		4AD9C8932E6ACF1E00DE5C80 /* Release */ = {
			isa = XCBuildConfiguration;
			buildSettings = {
				ALWAYS_SEARCH_USER_PATHS = NO;
				ASSETCATALOG_COMPILER_GENERATE_SWIFT_ASSET_SYMBOL_EXTENSIONS = YES;
				CLANG_ANALYZER_NONNULL = YES;
				CLANG_ANALYZER_NUMBER_OBJECT_CONVERSION = YES_AGGRESSIVE;
				CLANG_CXX_LANGUAGE_STANDARD = "gnu++20";
				CLANG_ENABLE_MODULES = YES;
				CLANG_ENABLE_OBJC_ARC = YES;
				CLANG_ENABLE_OBJC_WEAK = YES;
				CLANG_WARN_BLOCK_CAPTURE_AUTORELEASING = YES;
				CLANG_WARN_BOOL_CONVERSION = YES;
				CLANG_WARN_COMMA = YES;
				CLANG_WARN_CONSTANT_CONVERSION = YES;
				CLANG_WARN_DEPRECATED_OBJC_IMPLEMENTATIONS = YES;
				CLANG_WARN_DIRECT_OBJC_ISA_USAGE = YES_ERROR;
				CLANG_WARN_DOCUMENTATION_COMMENTS = YES;
				CLANG_WARN_EMPTY_BODY = YES;
				CLANG_WARN_ENUM_CONVERSION = YES;
				CLANG_WARN_INFINITE_RECURSION = YES;
				CLANG_WARN_INT_CONVERSION = YES;
				CLANG_WARN_NON_LITERAL_NULL_CONVERSION = YES;
				CLANG_WARN_OBJC_IMPLICIT_RETAIN_SELF = YES;
				CLANG_WARN_OBJC_LITERAL_CONVERSION = YES;
				CLANG_WARN_OBJC_ROOT_CLASS = YES_ERROR;
				CLANG_WARN_QUOTED_INCLUDE_IN_FRAMEWORK_HEADER = YES;
				CLANG_WARN_RANGE_LOOP_ANALYSIS = YES;
				CLANG_WARN_STRICT_PROTOTYPES = YES;
				CLANG_WARN_SUSPICIOUS_MOVE = YES;
				CLANG_WARN_UNGUARDED_AVAILABILITY = YES_AGGRESSIVE;
				CLANG_WARN_UNREACHABLE_CODE = YES;
				CLANG_WARN__DUPLICATE_METHOD_MATCH = YES;
				COPY_PHASE_STRIP = NO;
				DEBUG_INFORMATION_FORMAT = "dwarf-with-dsym";
				ENABLE_NS_ASSERTIONS = NO;
				ENABLE_STRICT_OBJC_MSGSEND = YES;
				ENABLE_USER_SCRIPT_SANDBOXING = YES;
				GCC_C_LANGUAGE_STANDARD = gnu17;
				GCC_NO_COMMON_BLOCKS = YES;
				GCC_WARN_64_TO_32_BIT_CONVERSION = YES;
				GCC_WARN_ABOUT_RETURN_TYPE = YES_ERROR;
				GCC_WARN_UNDECLARED_SELECTOR = YES;
				GCC_WARN_UNINITIALIZED_AUTOS = YES_AGGRESSIVE;
				GCC_WARN_UNUSED_FUNCTION = YES;
				GCC_WARN_UNUSED_VARIABLE = YES;
				IPHONEOS_DEPLOYMENT_TARGET = 17.5;
				LOCALIZATION_PREFERS_STRING_CATALOGS = YES;
				MTL_ENABLE_DEBUG_INFO = NO;
				MTL_FAST_MATH = YES;
				SDKROOT = iphoneos;
				SWIFT_COMPILATION_MODE = wholemodule;
				VALIDATE_PRODUCT = YES;
			};
			name = Release;
		};
		4AD9C8952E6ACF1E00DE5C80 /* Debug */ = {
			isa = XCBuildConfiguration;
			buildSettings = {
				ASSETCATALOG_COMPILER_APPICON_NAME = AppIcon;
				ASSETCATALOG_COMPILER_GLOBAL_ACCENT_COLOR_NAME = AccentColor;
				CODE_SIGN_IDENTITY = "Apple Development";
				CODE_SIGN_STYLE = Automatic;
				CURRENT_PROJECT_VERSION = 1;
				DEVELOPMENT_ASSET_PATHS = "\"VaultApp/Preview Content\"";
				DEVELOPMENT_TEAM = HTM74555ND;
				ENABLE_PREVIEWS = YES;
				GENERATE_INFOPLIST_FILE = YES;
				INFOPLIST_KEY_UIApplicationSceneManifest_Generation = YES;
				INFOPLIST_KEY_UIApplicationSupportsIndirectInputEvents = YES;
				INFOPLIST_KEY_UILaunchScreen_Generation = YES;
				INFOPLIST_KEY_UISupportedInterfaceOrientations_iPad = "UIInterfaceOrientationPortrait UIInterfaceOrientationPortraitUpsideDown UIInterfaceOrientationLandscapeLeft UIInterfaceOrientationLandscapeRight";
				INFOPLIST_KEY_UISupportedInterfaceOrientations_iPhone = "UIInterfaceOrientationPortrait UIInterfaceOrientationLandscapeLeft UIInterfaceOrientationLandscapeRight";
				LD_RUNPATH_SEARCH_PATHS = (
					"$(inherited)",
					"@executable_path/Frameworks",
				);
				MARKETING_VERSION = 1.0;
				PRODUCT_BUNDLE_IDENTIFIER = co.ostorlab.test;
				PRODUCT_NAME = "$(TARGET_NAME)";
				PROVISIONING_PROFILE_SPECIFIER = "";
				SWIFT_EMIT_LOC_STRINGS = YES;
				SWIFT_VERSION = 5.0;
				TARGETED_DEVICE_FAMILY = "1,2";
			};
			name = Debug;
		};
		4AD9C8962E6ACF1E00DE5C80 /* Release */ = {
			isa = XCBuildConfiguration;
			buildSettings = {
				ASSETCATALOG_COMPILER_APPICON_NAME = AppIcon;
				ASSETCATALOG_COMPILER_GLOBAL_ACCENT_COLOR_NAME = AccentColor;
				CODE_SIGN_IDENTITY = "Apple Development";
				CODE_SIGN_STYLE = Automatic;
				CURRENT_PROJECT_VERSION = 1;
				DEVELOPMENT_ASSET_PATHS = "\"VaultApp/Preview Content\"";
				DEVELOPMENT_TEAM = HTM74555ND;
				ENABLE_PREVIEWS = YES;
				GENERATE_INFOPLIST_FILE = YES;
				INFOPLIST_KEY_UIApplicationSceneManifest_Generation = YES;
				INFOPLIST_KEY_UIApplicationSupportsIndirectInputEvents = YES;
				INFOPLIST_KEY_UILaunchScreen_Generation = YES;
				INFOPLIST_KEY_UISupportedInterfaceOrientations_iPad = "UIInterfaceOrientationPortrait UIInterfaceOrientationPortraitUpsideDown UIInterfaceOrientationLandscapeLeft UIInterfaceOrientationLandscapeRight";
				INFOPLIST_KEY_UISupportedInterfaceOrientations_iPhone = "UIInterfaceOrientationPortrait UIInterfaceOrientationLandscapeLeft UIInterfaceOrientationLandscapeRight";
				LD_RUNPATH_SEARCH_PATHS = (
					"$(inherited)",
					"@executable_path/Frameworks",
				);
				MARKETING_VERSION = 1.0;
				PRODUCT_BUNDLE_IDENTIFIER = co.ostorlab.test;
				PRODUCT_NAME = "$(TARGET_NAME)";
				PROVISIONING_PROFILE_SPECIFIER = "";
				SWIFT_EMIT_LOC_STRINGS = YES;
				SWIFT_VERSION = 5.0;
				TARGETED_DEVICE_FAMILY = "1,2";
			};
			name = Release;
		};
/* End XCBuildConfiguration section */

/* Begin XCConfigurationList section */
		4AD9C8812E6ACF1C00DE5C80 /* Build configuration list for PBXProject "VaultApp" */ = {
			isa = XCConfigurationList;
			buildConfigurations = (
				4AD9C8922E6ACF1E00DE5C80 /* Debug */,
				4AD9C8932E6ACF1E00DE5C80 /* Release */,
			);
			defaultConfigurationIsVisible = 0;
			defaultConfigurationName = Release;
		};
		4AD9C8942E6ACF1E00DE5C80 /* Build configuration list for PBXNativeTarget "VaultApp" */ = {
			isa = XCConfigurationList;
			buildConfigurations = (
				4AD9C8952E6ACF1E00DE5C80 /* Debug */,
				4AD9C8962E6ACF1E00DE5C80 /* Release */,
			);
			defaultConfigurationIsVisible = 0;
			defaultConfigurationName = Release;
		};
/* End XCConfigurationList section */
	};
	rootObject = 4AD9C87E2E6ACF1C00DE5C80 /* Project object */;
}
